
Microsoft Visual Studio Solution File, Format Version 12.00
# Visual Studio Version 17
VisualStudioVersion = 17.8.34309.116
MinimumVisualStudioVersion = 10.0.40219.1
Project("{9A19103F-16F7-4668-BE54-9A1E7A4F7556}") = "WebApi", "WebApi\WebApi.csproj", "{988E2A74-2CA6-481D-B7AE-816EDAE2FDD9}"
EndProject
Project("{2150E333-8FDC-42A3-9474-1A3956D46DE8}") = "src", "src", "{30722B0C-9AA6-474F-9626-4B888C088A8D}"
EndProject
Project("{2150E333-8FDC-42A3-9474-1A3956D46DE8}") = "Core", "Core", "{577C8C82-7CA1-4DFD-B167-05ED2991C489}"
EndProject
Project("{2150E333-8FDC-42A3-9474-1A3956D46DE8}") = "Infrastructure", "Infrastructure", "{737AAC3B-0E34-420C-A4C6-241A74A5B7E8}"
EndProject
Project("{2150E333-8FDC-42A3-9474-1A3956D46DE8}") = "Presentation", "Presentation", "{EA5A936C-2D52-4446-82D8-79E7E6BE1306}"
EndProject
Project("{9A19103F-16F7-4668-BE54-9A1E7A4F7556}") = "Domain", "Domain\Domain.csproj", "{1B6465B0-AC9A-42E8-902A-FDF85C583DF7}"
EndProject
Project("{9A19103F-16F7-4668-BE54-9A1E7A4F7556}") = "Application", "Application\Application.csproj", "{4789237C-2F63-40F1-9444-5FC3C453E887}"
EndProject
Project("{9A19103F-16F7-4668-BE54-9A1E7A4F7556}") = "EfCore.Persistance", "EfCore.Persistance\EfCore.Persistance.csproj", "{F128C0E7-C2B3-4606-9F68-52C5D9879D82}"
EndProject
Project("{9A19103F-16F7-4668-BE54-9A1E7A4F7556}") = "OvetimePolicies", "OvetimePolicies\OvetimePolicies.csproj", "{03997177-5B11-4AFE-A045-66E4A6444C2F}"
EndProject
Project("{9A19103F-16F7-4668-BE54-9A1E7A4F7556}") = "DapperORM", "Dapper\DapperORM.csproj", "{F5461E01-FBED-428D-BEF8-841D03A1C060}"
EndProject
Project("{FAE04EC0-301F-11D3-BF4B-00C04F79EFBC}") = "SnowFlakeLongIdGenerator", "SnowFlakeLongIdGenerator\SnowFlakeLongIdGenerator.csproj", "{8EB3F398-40D6-4E87-8083-ED5976189D39}"
EndProject
Project("{2150E333-8FDC-42A3-9474-1A3956D46DE8}") = "Test", "Test", "{484B65AB-6C26-4DDB-83A2-CFDF2CBCEEF0}"
EndProject
Project("{FAE04EC0-301F-11D3-BF4B-00C04F79EFBC}") = "TestsProject", "TestsProject\TestsProject.csproj", "{1F7BE4C0-BFAF-43A2-824C-23889961700E}"
EndProject
Global
	GlobalSection(SolutionConfigurationPlatforms) = preSolution
		Debug|Any CPU = Debug|Any CPU
		Release|Any CPU = Release|Any CPU
	EndGlobalSection
	GlobalSection(ProjectConfigurationPlatforms) = postSolution
		{988E2A74-2CA6-481D-B7AE-816EDAE2FDD9}.Debug|Any CPU.ActiveCfg = Debug|Any CPU
		{988E2A74-2CA6-481D-B7AE-816EDAE2FDD9}.Debug|Any CPU.Build.0 = Debug|Any CPU
		{988E2A74-2CA6-481D-B7AE-816EDAE2FDD9}.Release|Any CPU.ActiveCfg = Release|Any CPU
		{988E2A74-2CA6-481D-B7AE-816EDAE2FDD9}.Release|Any CPU.Build.0 = Release|Any CPU
		{1B6465B0-AC9A-42E8-902A-FDF85C583DF7}.Debug|Any CPU.ActiveCfg = Debug|Any CPU
		{1B6465B0-AC9A-42E8-902A-FDF85C583DF7}.Debug|Any CPU.Build.0 = Debug|Any CPU
		{1B6465B0-AC9A-42E8-902A-FDF85C583DF7}.Release|Any CPU.ActiveCfg = Release|Any CPU
		{1B6465B0-AC9A-42E8-902A-FDF85C583DF7}.Release|Any CPU.Build.0 = Release|Any CPU
		{4789237C-2F63-40F1-9444-5FC3C453E887}.Debug|Any CPU.ActiveCfg = Debug|Any CPU
		{4789237C-2F63-40F1-9444-5FC3C453E887}.Debug|Any CPU.Build.0 = Debug|Any CPU
		{4789237C-2F63-40F1-9444-5FC3C453E887}.Release|Any CPU.ActiveCfg = Release|Any CPU
		{4789237C-2F63-40F1-9444-5FC3C453E887}.Release|Any CPU.Build.0 = Release|Any CPU
		{F128C0E7-C2B3-4606-9F68-52C5D9879D82}.Debug|Any CPU.ActiveCfg = Debug|Any CPU
		{F128C0E7-C2B3-4606-9F68-52C5D9879D82}.Debug|Any CPU.Build.0 = Debug|Any CPU
		{F128C0E7-C2B3-4606-9F68-52C5D9879D82}.Release|Any CPU.ActiveCfg = Release|Any CPU
		{F128C0E7-C2B3-4606-9F68-52C5D9879D82}.Release|Any CPU.Build.0 = Release|Any CPU
		{03997177-5B11-4AFE-A045-66E4A6444C2F}.Debug|Any CPU.ActiveCfg = Debug|Any CPU
		{03997177-5B11-4AFE-A045-66E4A6444C2F}.Debug|Any CPU.Build.0 = Debug|Any CPU
		{03997177-5B11-4AFE-A045-66E4A6444C2F}.Release|Any CPU.ActiveCfg = Release|Any CPU
		{03997177-5B11-4AFE-A045-66E4A6444C2F}.Release|Any CPU.Build.0 = Release|Any CPU
		{F5461E01-FBED-428D-BEF8-841D03A1C060}.Debug|Any CPU.ActiveCfg = Debug|Any CPU
		{F5461E01-FBED-428D-BEF8-841D03A1C060}.Debug|Any CPU.Build.0 = Debug|Any CPU
		{F5461E01-FBED-428D-BEF8-841D03A1C060}.Release|Any CPU.ActiveCfg = Release|Any CPU
		{F5461E01-FBED-428D-BEF8-841D03A1C060}.Release|Any CPU.Build.0 = Release|Any CPU
		{8EB3F398-40D6-4E87-8083-ED5976189D39}.Debug|Any CPU.ActiveCfg = Debug|Any CPU
		{8EB3F398-40D6-4E87-8083-ED5976189D39}.Debug|Any CPU.Build.0 = Debug|Any CPU
		{8EB3F398-40D6-4E87-8083-ED5976189D39}.Release|Any CPU.ActiveCfg = Release|Any CPU
		{8EB3F398-40D6-4E87-8083-ED5976189D39}.Release|Any CPU.Build.0 = Release|Any CPU
		{1F7BE4C0-BFAF-43A2-824C-23889961700E}.Debug|Any CPU.ActiveCfg = Debug|Any CPU
		{1F7BE4C0-BFAF-43A2-824C-23889961700E}.Debug|Any CPU.Build.0 = Debug|Any CPU
		{1F7BE4C0-BFAF-43A2-824C-23889961700E}.Release|Any CPU.ActiveCfg = Release|Any CPU
		{1F7BE4C0-BFAF-43A2-824C-23889961700E}.Release|Any CPU.Build.0 = Release|Any CPU
	EndGlobalSection
	GlobalSection(SolutionProperties) = preSolution
		HideSolutionNode = FALSE
	EndGlobalSection
	GlobalSection(NestedProjects) = preSolution
		{988E2A74-2CA6-481D-B7AE-816EDAE2FDD9} = {EA5A936C-2D52-4446-82D8-79E7E6BE1306}
		{577C8C82-7CA1-4DFD-B167-05ED2991C489} = {30722B0C-9AA6-474F-9626-4B888C088A8D}
		{737AAC3B-0E34-420C-A4C6-241A74A5B7E8} = {30722B0C-9AA6-474F-9626-4B888C088A8D}
		{EA5A936C-2D52-4446-82D8-79E7E6BE1306} = {30722B0C-9AA6-474F-9626-4B888C088A8D}
		{1B6465B0-AC9A-42E8-902A-FDF85C583DF7} = {577C8C82-7CA1-4DFD-B167-05ED2991C489}
		{4789237C-2F63-40F1-9444-5FC3C453E887} = {577C8C82-7CA1-4DFD-B167-05ED2991C489}
		{F128C0E7-C2B3-4606-9F68-52C5D9879D82} = {737AAC3B-0E34-420C-A4C6-241A74A5B7E8}
		{03997177-5B11-4AFE-A045-66E4A6444C2F} = {577C8C82-7CA1-4DFD-B167-05ED2991C489}
		{F5461E01-FBED-428D-BEF8-841D03A1C060} = {737AAC3B-0E34-420C-A4C6-241A74A5B7E8}
		{8EB3F398-40D6-4E87-8083-ED5976189D39} = {737AAC3B-0E34-420C-A4C6-241A74A5B7E8}
		{484B65AB-6C26-4DDB-83A2-CFDF2CBCEEF0} = {30722B0C-9AA6-474F-9626-4B888C088A8D}
		{1F7BE4C0-BFAF-43A2-824C-23889961700E} = {484B65AB-6C26-4DDB-83A2-CFDF2CBCEEF0}
	EndGlobalSection
	GlobalSection(ExtensibilityGlobals) = postSolution
		SolutionGuid = {5891964F-9D6E-456A-A9C7-99D5C74B1990}
	EndGlobalSection
EndGlobal
